{"SurveyEntry":{"SurveyID":"SV_e2l3jyOPHwjinu6","SurveyName":"GOT - Git","SurveyDescription":null,"SurveyOwnerID":"UR_0kXMYsTZuKaPjEi","SurveyBrandID":"cornell","DivisionID":null,"SurveyLanguage":"EN","SurveyActiveResponseSet":"RS_78mrZ2Q6CHIeU0S","SurveyStatus":"Active","SurveyStartDate":"0000-00-00 00:00:00","SurveyExpirationDate":"0000-00-00 00:00:00","SurveyCreationDate":"2025-10-10 15:15:49","CreatorID":"UR_0kXMYsTZuKaPjEi","LastModified":"2025-12-19 15:22:33","LastAccessed":"0000-00-00 00:00:00","LastActivated":"2025-12-19 13:05:57","Deleted":null},"SurveyElements":[{"SurveyID":"SV_e2l3jyOPHwjinu6","Element":"BL","PrimaryAttribute":"Survey Blocks","SecondaryAttribute":null,"TertiaryAttribute":null,"Payload":{"1":{"Type":"Trash","Description":"Trash \/ Unused Questions","ID":"BL_e3BzEKJsrmPmIxU","BlockElements":[]},"27":{"Type":"Standard","SubType":"","Description":"GOT_Inst","ID":"BL_etA22rYMugnEhyS","BlockElements":[{"Type":"Question","QuestionID":"QID118"}],"Options":{"BlockLocking":"false","RandomizeQuestions":"false","BlockVisibility":"Expanded"}},"29":{"Type":"Standard","SubType":"","Description":"GOT_task","ID":"BL_6P5NB4lm6VvKFRc","BlockElements":[{"Type":"Question","QuestionID":"QID231"},{"Type":"Question","QuestionID":"QID232"},{"Type":"Page Break"},{"Type":"Question","QuestionID":"QID233"},{"Type":"Question","QuestionID":"QID234"},{"Type":"Question","QuestionID":"QID235"},{"Type":"Question","QuestionID":"QID236"},{"Type":"Question","QuestionID":"QID237"}],"Options":{"BlockLocking":false,"RandomizeQuestions":"false","BlockVisibility":"Expanded","Looping":"Static","LoopingOptions":{"Static":{"1":{"1":"GOT_01","2":"chimpanzee","3":"baseball player","4":"https:\/\/cornell.yul1.qualtrics.com\/ControlPanel\/Graphic.php?IM=IM_UteSYpuoJyofP4W"},"2":{"1":"GOT_02","2":"confectionary","3":"fire station","4":"https:\/\/cornell.yul1.qualtrics.com\/ControlPanel\/Graphic.php?IM=IM_vAKydv0JcgsEY4D"},"3":{"1":"GOT_03","2":"eel","3":"tiger shark","4":"https:\/\/cornell.yul1.qualtrics.com\/ControlPanel\/Graphic.php?IM=IM_BShkYxhh1As8B3H"},"4":{"1":"GOT_04","2":"golden retriever","3":"horse","4":"https:\/\/cornell.yul1.qualtrics.com\/ControlPanel\/Graphic.php?IM=IM_mhwf8FQqLjen8EK"},"5":{"1":"GOT_05","2":"parking meter","3":"stop sign","4":"https:\/\/cornell.yul1.qualtrics.com\/ControlPanel\/Graphic.php?IM=IM_auQ0MszsukI3ogf"},"6":{"1":"GOT_06","2":"greenhouse","3":"barn","4":"https:\/\/cornell.yul1.qualtrics.com\/ControlPanel\/Graphic.php?IM=IM_ud9B8A93VN1cA6h"},"7":{"1":"GOT_07","2":"armadillo","3":"basketball","4":"https:\/\/cornell.yul1.qualtrics.com\/ControlPanel\/Graphic.php?IM=IM_TS0kpa101GdAVru"},"8":{"1":"GOT_08","2":"robin","3":"apple","4":"https:\/\/cornell.yul1.qualtrics.com\/ControlPanel\/Graphic.php?IM=IM_MfV9KuMYgiGM4mq"},"9":{"1":"GOT_09","2":"mug","3":"bubble","4":"https:\/\/cornell.yul1.qualtrics.com\/ControlPanel\/Graphic.php?IM=IM_fmSEgyR746c5xpL"},"10":{"1":"GOT_10","2":"centipede","3":"crayon","4":"https:\/\/cornell.yul1.qualtrics.com\/ControlPanel\/Graphic.php?IM=IM_2dLv0qCysyUdQ78"}},"Randomization":"All"}}},"30":{"Type":"Standard","SubType":"","Description":"GOT_confidence","ID":"BL_9RELI5NAIbYhspg","BlockElements":[{"Type":"Question","QuestionID":"QID125"}],"Options":{"BlockLocking":false,"RandomizeQuestions":"false","BlockVisibility":"Expanded"}}}},{"SurveyID":"SV_e2l3jyOPHwjinu6","Element":"FL","PrimaryAttribute":"Survey Flow","SecondaryAttribute":null,"TertiaryAttribute":null,"Payload":{"Type":"Root","FlowID":"FL_1","Flow":[{"Type":"Group","FlowID":"FL_13","Description":"GOT","Flow":[{"Type":"Standard","ID":"BL_etA22rYMugnEhyS","FlowID":"FL_40","Autofill":[]},{"Type":"Standard","ID":"BL_6P5NB4lm6VvKFRc","FlowID":"FL_41","Autofill":[]},{"Type":"Standard","ID":"BL_9RELI5NAIbYhspg","FlowID":"FL_42","Autofill":[]}]}],"Properties":{"Count":65}}},{"SurveyID":"SV_e2l3jyOPHwjinu6","Element":"PL","PrimaryAttribute":"Preview Link","SecondaryAttribute":null,"TertiaryAttribute":null,"Payload":{"PreviewType":"Brand","PreviewID":"919f0187-36ee-44a2-865b-8064471c6242"}},{"SurveyID":"SV_e2l3jyOPHwjinu6","Element":"PROJ","PrimaryAttribute":"CORE","SecondaryAttribute":null,"TertiaryAttribute":"1.1.0","Payload":{"ProjectCategory":"CORE","SchemaVersion":"1.1.0"}},{"SurveyID":"SV_e2l3jyOPHwjinu6","Element":"QC","PrimaryAttribute":"Survey Question Count","SecondaryAttribute":"237","TertiaryAttribute":null,"Payload":null},{"SurveyID":"SV_e2l3jyOPHwjinu6","Element":"RS","PrimaryAttribute":"RS_78mrZ2Q6CHIeU0S","SecondaryAttribute":"Default Response Set","TertiaryAttribute":null,"Payload":null},{"SurveyID":"SV_e2l3jyOPHwjinu6","Element":"SCO","PrimaryAttribute":"Scoring","SecondaryAttribute":null,"TertiaryAttribute":null,"Payload":{"ScoringCategories":[],"ScoringCategoryGroups":[],"ScoringSummaryCategory":null,"ScoringSummaryAfterQuestions":0,"ScoringSummaryAfterSurvey":0,"DefaultScoringCategory":null,"AutoScoringCategory":null}},{"SurveyID":"SV_e2l3jyOPHwjinu6","Element":"SO","PrimaryAttribute":"Survey Options","SecondaryAttribute":null,"TertiaryAttribute":null,"Payload":{"BackButton":"false","SaveAndContinue":"true","SurveyProtection":"PublicSurvey","BallotBoxStuffingPrevention":"false","NoIndex":"Yes","SecureResponseFiles":"true","SurveyExpiration":"None","SurveyTermination":"DefaultMessage","Header":"","Footer":"","ProgressBarDisplay":"None","PartialData":"+1 week","ValidationMessage":"","PreviousButton":" \u2190 ","NextButton":" \u2192 ","SurveyTitle":"Qualtrics Survey | Qualtrics Experience Management","SkinLibrary":"cornell","SkinType":"templated","Skin":{"brandingId":null,"templateId":"*base","overrides":null},"NewScoring":1,"SurveyMetaDescription":"The most powerful, simple and trusted way to gather experience data. Start your journey to experience management and try a free account today.","SurveyName":"GOT - Git","CustomStyles":{"customCSS":".LabelWrapper, .QuestionText, .SubQuestionText, .AnswerText{\ncolor:black!important;\n}"}}},{"SurveyID":"SV_e2l3jyOPHwjinu6","Element":"SQ","PrimaryAttribute":"QID118","SecondaryAttribute":"In this section of the study, you will be presented with scrambled images very rapidly. Please do...","TertiaryAttribute":null,"Payload":{"QuestionText":"In this section of the study, you will be presented with scrambled images very rapidly. Please do your best to identify what is in the scrambled images.","DefaultChoices":false,"DataExportTag":"GOT_Inst","QuestionType":"DB","Selector":"TB","DataVisibility":{"Private":false,"Hidden":false},"Configuration":{"QuestionDescriptionOption":"UseText"},"QuestionDescription":"In this section of the study, you will be presented with scrambled images very rapidly. Please do...","ChoiceOrder":[],"Validation":{"Settings":{"Type":"None"}},"GradingData":[],"Language":[],"NextChoiceId":4,"NextAnswerId":1,"QuestionID":"QID118","QuestionJS":"Qualtrics.SurveyEngine.addOnload(function() {\n    var imageUrls = [\n        'https:\/\/cornell.yul1.qualtrics.com\/ControlPanel\/Graphic.php?IM=IM_UteSYpuoJyofP4W',\n\t\t'https:\/\/cornell.yul1.qualtrics.com\/ControlPanel\/Graphic.php?IM=IM_vAKydv0JcgsEY4D',\n\t\t'https:\/\/cornell.yul1.qualtrics.com\/ControlPanel\/Graphic.php?IM=IM_BShkYxhh1As8B3H',\n\t\t'https:\/\/cornell.yul1.qualtrics.com\/ControlPanel\/Graphic.php?IM=IM_mhwf8FQqLjen8EK',\n\t\t'https:\/\/cornell.yul1.qualtrics.com\/ControlPanel\/Graphic.php?IM=IM_auQ0MszsukI3ogf',\n\t\t'https:\/\/cornell.yul1.qualtrics.com\/ControlPanel\/Graphic.php?IM=IM_ud9B8A93VN1cA6h',\n\t\t'https:\/\/cornell.yul1.qualtrics.com\/ControlPanel\/Graphic.php?IM=IM_TS0kpa101GdAVru',\n\t\t'https:\/\/cornell.yul1.qualtrics.com\/ControlPanel\/Graphic.php?IM=IM_MfV9KuMYgiGM4mq',\n\t\t'https:\/\/cornell.yul1.qualtrics.com\/ControlPanel\/Graphic.php?IM=IM_fmSEgyR746c5xpL',\n\t\t'https:\/\/cornell.yul1.qualtrics.com\/ControlPanel\/Graphic.php?IM=IM_2dLv0qCysyUdQ78',\n    ];\n    for (var i = 0; i < imageUrls.length; i++) {\n        var img = new Image();\n        img.src = imageUrls[i];\n    }\n});\n\nQualtrics.SurveyEngine.addOnReady(function()\n{\n\t\/*Place your JavaScript here to run when the page is fully displayed*\/\n\n});\n\nQualtrics.SurveyEngine.addOnUnload(function()\n{\n\t\/*Place your JavaScript here to run when the page is unloaded*\/\n\n});"}},{"SurveyID":"SV_e2l3jyOPHwjinu6","Element":"SQ","PrimaryAttribute":"QID125","SecondaryAttribute":"Because there were only two options on each of the perceptual task questions, people who guessed...","TertiaryAttribute":null,"Payload":{"QuestionText":"Because there were only two options on each of the perceptual task questions, people who guessed randomly would have (on average) correctly answered the questions 5 times out of 10. <br><br>How many of the images do you believe you identified correctly <b>beyond the chance level of 5<\/b>, if any?\n<br><br>&nbsp;[Please enter a number from 0 to 5 to indicate how many of the images you think you got correct above chance.]","DefaultChoices":false,"QuestionType":"TE","Selector":"SL","DataVisibility":{"Private":false,"Hidden":false},"Configuration":{"QuestionDescriptionOption":"UseText","InputWidth":131,"InputHeight":29},"QuestionDescription":"Because there were only two options on each of the perceptual task questions, people who guessed...","Validation":{"Settings":{"ForceResponse":"RequestResponse","ForceResponseType":"RequestResponse","Type":"ContentType","MinChars":"1","ContentType":"ValidNumber","ValidDateType":"DateWithFormat","ValidPhoneType":"ValidUSPhone","ValidZipType":"ValidUSZip","ValidNumber":{"Min":"0","Max":"5","NumDecimals":""}}},"GradingData":[],"Language":[],"NextChoiceId":4,"NextAnswerId":1,"SearchSource":{"AllowFreeResponse":"false"},"QuestionText_Unsafe":"How many <b>questions<\/b> do you think you answered correctly on this task? In other words, how many boxes did people correctly identify as being solid\/ safe to jump on?<br><br>(Please enter a number between 0 and 10.)<br>","DataExportTag":"GOT_est","QuestionID":"QID125"}},{"SurveyID":"SV_e2l3jyOPHwjinu6","Element":"SQ","PrimaryAttribute":"QID231","SecondaryAttribute":" ","TertiaryAttribute":null,"Payload":{"ChoiceOrder":[],"Configuration":{"QuestionDescriptionOption":"UseText"},"DataExportTag":"GOT_image","DataVisibility":{"Hidden":false,"Private":false},"DefaultChoices":false,"GradingData":[],"Language":[],"NextAnswerId":1,"NextChoiceId":6,"QuestionDescription":" ","QuestionID":"QID231","QuestionJS":"Qualtrics.SurveyEngine.addOnload(function() {\n    \/\/ Completely hide the Next button\n    jQuery('#NextButton').css('display', 'none');\n    \/\/ Display elements with class 'ABC' immediately\n    jQuery('.ABC').css('display', 'inline');\n    \/\/ Auto advance after 250 ms\n    setTimeout(function() {\n        jQuery('#NextButton').click();\n    }, 250);\n\n});\n\nQualtrics.SurveyEngine.addOnReady(function() {\n    \/\/ Ensure the Next button is hidden when the page is fully displayed\n    jQuery('#NextButton').css('display', 'none');\n});\n\nQualtrics.SurveyEngine.addOnUnload(function() {\n    \/\/ Place your JavaScript here to run when the page is unloaded\n});","QuestionText":"<div style=\"text-align: center;\">\n<img height=\"400\" src=\"${lm:\/\/Field\/4}\" style=\"width: 600px; height: 400px;\" width=\"600\" \/>\n<\/div>","QuestionText_Unsafe":"<div style=\"text-align: center;\">\n<img height=\"400\" src=\"${lm:\/\/Field\/4}\" style=\"width: 600px; height: 400px;\" width=\"600\" \/>\n<\/div>","QuestionType":"DB","Selector":"TB","Validation":{"Settings":{"Type":"None"}}}},{"SurveyID":"SV_e2l3jyOPHwjinu6","Element":"SQ","PrimaryAttribute":"QID232","SecondaryAttribute":"Timing","TertiaryAttribute":null,"Payload":{"Choices":{"1":{"Display":"First Click"},"2":{"Display":"Last Click"},"3":{"Display":"Page Submit"},"4":{"Display":"Click Count"}},"Configuration":{"MaxSeconds":0.25,"MinSeconds":"0","QuestionDescriptionOption":"UseText"},"DataExportTag":"GOT_RT","DataVisibility":{"Hidden":false,"Private":false},"DefaultChoices":false,"GradingData":[],"Language":[],"NextAnswerId":1,"NextChoiceId":88,"QuestionDescription":"Timing","QuestionID":"QID232","QuestionText":"Timing","QuestionText_Unsafe":"Timing","QuestionType":"Timing","Selector":"PageTimer"}},{"SurveyID":"SV_e2l3jyOPHwjinu6","Element":"SQ","PrimaryAttribute":"QID233","SecondaryAttribute":"Was that a ${lm:\/\/Field\/2} or a ${lm:\/\/Field\/3}?","TertiaryAttribute":null,"Payload":{"ChoiceOrder":["1","2"],"Choices":{"1":{"Display":"${lm:\/\/Field\/2}"},"2":{"Display":"${lm:\/\/Field\/3}"}},"Configuration":{"LabelPosition":"BELOW","QuestionDescriptionOption":"UseText"},"DataExportTag":"GOT_Q","DataVisibility":{"Hidden":false,"Private":false},"DefaultChoices":false,"GradingData":[],"Language":[],"NextAnswerId":1,"NextChoiceId":4,"QuestionDescription":"Was that a ${lm:\/\/Field\/2} or a ${lm:\/\/Field\/3}?","QuestionID":"QID233","QuestionText":"Was that a&nbsp;${lm:\/\/Field\/2} or a&nbsp;${lm:\/\/Field\/3}?","QuestionText_Unsafe":"Was that a&nbsp;${lm:\/\/Field\/2} or a&nbsp;${lm:\/\/Field\/3}?","QuestionType":"MC","Randomization":{"Advanced":null,"TotalRandSubset":"","Type":"All"},"RecodeValues":{"1":"1","2":"0"},"Selector":"SAHR","SubSelector":"TX","Validation":{"Settings":{"ForceResponse":"RequestResponse","ForceResponseType":"RequestResponse","Type":"None"}}}},{"SurveyID":"SV_e2l3jyOPHwjinu6","Element":"SQ","PrimaryAttribute":"QID234","SecondaryAttribute":"How confident are you that you correctly predicted what was in the image?","TertiaryAttribute":null,"Payload":{"ChoiceOrder":["1"],"Choices":{"1":{"Display":"I am ___% confident that I correctly predicted what was in the image.","ExclusiveAnswer":true}},"Configuration":{"CSSliderMax":100,"CSSliderMin":0,"CustomStart":true,"GridLines":10,"MobileFirst":false,"NotApplicable":false,"NumDecimals":"0","QuestionDescriptionOption":"UseText","ShowValue":true,"SliderStartPositions":{"1":0}},"DataExportTag":"GOT_Conf","DataVisibility":{"Hidden":false,"Private":false},"DefaultChoices":false,"GradingData":[],"Labels":{"1":{"Display":"Less confident","ExclusiveAnswer":true},"2":{"Display":"More confident","ExclusiveAnswer":true}},"Language":[],"NextAnswerId":3,"NextChoiceId":31,"QuestionDescription":"How confident are you that you correctly predicted what was in the image?","QuestionID":"QID234","QuestionJS":"Qualtrics.SurveyEngine.addOnload(function() { \nvar questionId = this.questionId;  \njQuery(\"#\" + questionId + \" input[type='text']\").val(''); \n});\n\n\nQualtrics.SurveyEngine.addOnReady(function()\n{\n\t\/*Place your JavaScript here to run when the page is fully displayed*\/\n\n});\n\nQualtrics.SurveyEngine.addOnUnload(function()\n{\n\t\/*Place your JavaScript here to run when the page is unloaded*\/\n\n});","QuestionText":"How <b>confident<\/b> are you that you <b>correctly predicted<\/b> what was in the image?","QuestionText_Unsafe":"How <b>confident<\/b> are you that you <b>correctly predicted<\/b> what was in the image?","QuestionType":"Slider","Selector":"HBAR","Validation":{"Settings":{"ForceResponse":"RequestResponse","ForceResponseType":"RequestResponse","Type":"None"}}}},{"SurveyID":"SV_e2l3jyOPHwjinu6","Element":"SQ","PrimaryAttribute":"QID235","SecondaryAttribute":" ","TertiaryAttribute":null,"Payload":{"Configuration":{"QuestionDescriptionOption":"UseText"},"DataExportTag":"GOT_ID","DataVisibility":{"Hidden":false,"Private":false},"DefaultChoices":{"TEXT":{"Text":"${lm:\/\/Field\/1}"}},"GradingData":[],"Language":[],"NextAnswerId":1,"NextChoiceId":4,"QuestionDescription":" ","QuestionID":"QID235","QuestionJS":"Qualtrics.SurveyEngine.addOnload(function()\n{\n\t\/*Place your JavaScript here to run when the page loads*\/\n\t\t\tjQuery(\"#\"+this.questionId).hide();\n\n});\n\nQualtrics.SurveyEngine.addOnReady(function()\n{\n\t\/*Place your JavaScript here to run when the page is fully displayed*\/\n\n});\n\nQualtrics.SurveyEngine.addOnUnload(function()\n{\n\t\/*Place your JavaScript here to run when the page is unloaded*\/\n\n});","QuestionText":"&nbsp;","QuestionText_Unsafe":"&nbsp;","QuestionType":"TE","SearchSource":{"AllowFreeResponse":"false"},"Selector":"SL","Validation":{"Settings":{"ForceResponse":"OFF","Type":"None"}}}},{"SurveyID":"SV_e2l3jyOPHwjinu6","Element":"SQ","PrimaryAttribute":"QID236","SecondaryAttribute":" ","TertiaryAttribute":null,"Payload":{"Configuration":{"QuestionDescriptionOption":"UseText"},"DataExportTag":"GOT_Answer","DataVisibility":{"Hidden":false,"Private":false},"DefaultChoices":{"TEXT":{"Text":"${lm:\/\/Field\/5}"}},"GradingData":[],"Language":[],"NextAnswerId":1,"NextChoiceId":4,"QuestionDescription":" ","QuestionID":"QID236","QuestionJS":"Qualtrics.SurveyEngine.addOnload(function()\n{\n\t\/*Place your JavaScript here to run when the page loads*\/\n\t\t\tjQuery(\"#\"+this.questionId).hide();\n\n});\n\nQualtrics.SurveyEngine.addOnReady(function()\n{\n\t\/*Place your JavaScript here to run when the page is fully displayed*\/\n\n});\n\nQualtrics.SurveyEngine.addOnUnload(function()\n{\n\t\/*Place your JavaScript here to run when the page is unloaded*\/\n\n});","QuestionText":"&nbsp;","QuestionText_Unsafe":"&nbsp;","QuestionType":"TE","SearchSource":{"AllowFreeResponse":"false"},"Selector":"SL","Validation":{"Settings":{"ForceResponse":"OFF","Type":"None"}}}},{"SurveyID":"SV_e2l3jyOPHwjinu6","Element":"SQ","PrimaryAttribute":"QID237","SecondaryAttribute":" ","TertiaryAttribute":null,"Payload":{"Configuration":{"QuestionDescriptionOption":"UseText"},"DataExportTag":"loop_number","DataVisibility":{"Hidden":false,"Private":false},"DefaultChoices":{"TEXT":{"Text":"${lm:\/\/CurrentLoopNumber}"}},"GradingData":[],"Language":[],"NextAnswerId":1,"NextChoiceId":4,"QuestionDescription":" ","QuestionID":"QID237","QuestionJS":"Qualtrics.SurveyEngine.addOnload(function()\n{\n\t\/*Place your JavaScript here to run when the page loads*\/\n\t\t\tjQuery(\"#\"+this.questionId).hide();\n\n});\n\nQualtrics.SurveyEngine.addOnReady(function()\n{\n\t\/*Place your JavaScript here to run when the page is fully displayed*\/\n\n});\n\nQualtrics.SurveyEngine.addOnUnload(function()\n{\n\t\/*Place your JavaScript here to run when the page is unloaded*\/\n\n});","QuestionText":"&nbsp;","QuestionText_Unsafe":"&nbsp;","QuestionType":"TE","SearchSource":{"AllowFreeResponse":"false"},"Selector":"SL","Validation":{"Settings":{"ForceResponse":"OFF","Type":"None"}}}},{"SurveyID":"SV_e2l3jyOPHwjinu6","Element":"STAT","PrimaryAttribute":"Survey Statistics","SecondaryAttribute":null,"TertiaryAttribute":null,"Payload":{"MobileCompatible":true,"ID":"Survey Statistics"}}]}